467774759057909580445815358224582935842258708588335897659048598575994160213602766131261371614346603980018811088241982600834208415984455846148483584972527915286552976534865517155250553585973359852599266000960086602066135562665633616537266236671256911869796711427185172566730407324673502741177443375347756907611776687772647746177814783177912779816803558092881554842448509885598866688674286850882678945690010905219228693230937499404595292957169600796601969889732497544980489848798814997932842795351940474503569661458856936796349820101401298913337150161598416561175001848819284202333129931426315443165631854321413364333770346523546938435385483866238775392614039842454434944523245499462125243952551526655277556678567995691757029571425725757902584946007460772613676190962605636766387664743648566498066636679877326873440736657572380634816008509487272880668886691909159217245207658784533776338013382753919939467677807126880093804118258895804969089916123904532889420040277953336035815396385364970452707027094171202714517409476731780377921180331814678244783897845159400037335395234124843328444176567172435772307897980670817758273483520986631527381680339249985610745118991278313432606946163767888697017488278654845959076293384951729639097843987972480315237784370601280059383105382137523589258412670927276279822876128926310333178732309327343327133676344913465538157382113837839171392823945244124535175369653842546145638959684686086981171885744837723481435832018592688692901499331193979954651844221041265683068369568