46777475905790958044581535822458293584225870858833589765904859857599416021360276613126137161434660398001881108824198260083420841598445584614848358497252791528655297653486551715525055358597335985259926600096008660206613556266563361653726623667125691186979671142718517256673040732467350274117744337534775690761177668777264774617781478317791277981680355809288155484244850988559886668867428685088267894569001090521922869323093749940459529295716960079660196988973249754498048984879881499793284279535194047450356966145885693679634982010140129891333715016159841656117500184881928420233312993142631544316563185432141336433377034652354693843538548386623877539261403984245443494452324549946212524395255152665527755667856799569175702957142572575790258494600746077261367619096260563676638766474364856649806663667987732687344073665757238063481600850948727288066888669190915921724520765878453377633801338275391993946767780712688009380411825889580496908991612390453288942004027795333603581539638536497045270702709417120271451740947673178037792118033181467824478389784515940003733539523412484332844417656717243577230789798067081775827348352098663152738168033924998561074511899127831343260694616376788869701748827865484595907629338495172963909784398797248031523778437060128005938310538213752358925841267092727627982287612892631033317873230932734332713367634491346553815738211383783917139282394524412453517536965384254614563895968468608698117188574483772348143583201859268869290149933119397995465184422104126568306836956880507822908478786570881609083393130402153426263