4677747590579095804458153582245829358422587085883358976590485985759941602136027661312613716143466039800188110882419826008342084159844558461484835849725279152865529765348655171552505535859733598525992660009600866020661355626656336165372662366712569118697967114271851725667304073246735027411774433753477569076117766877726477461778147831779127798168035580928815548424485098855988666886742868508826789456900109052192286932309374994045952929571696007966019698897324975449804898487988149979328427953519404745035696614588569367963498201014012989133371501615984165611750018488192842023331299314263154431656318543214133643337703465235469384353854838662387753926140398424544349445232454994621252439525515266552775566785679956917570295714257257579025849460074607726136761909626056367663876647436485664980666366798773268734407366575723806348160085094872728806688866919091592172452076587845337763380133827539199394676778071268800938041182588958049690899161239045328894200402779533360358153963853649704527070270941712027145174094767317803779211803318146782447838978451594000373353952341248433284441765671724357723078979806708177582734835209866315273816803392499856107451189912783134326069461637678886970174882786548459590762933849517296390978439879724803152377843706012800593831053821375235892584126709272762798228761289263103331787323093273433271336763449134655381573821138378391713928239452441245351753696538425461456389596846860869811718857448377234814358320185926886929014993311