// !$*UTF8*$!
{
	archiveVersion = 1;
	classes = {
	};
	objectVersion = 77;
	objects = {

/* Begin PBXBuildFile section */
		041306262FBA461800133C99 /* FinanceCore in Frameworks */ = {isa = PBXBuildFile; productRef = 041306252FBA461800133C99 /* FinanceCore */; };
		041306282FBA461800133C99 /* FinanceTesting in Frameworks */ = {isa = PBXBuildFile; productRef = 041306272FBA461800133C99 /* FinanceTesting */; };
		0413062A2FBA461800133C99 /* FinanceUI in Frameworks */ = {isa = PBXBuildFile; productRef = 041306292FBA461800133C99 /* FinanceUI */; };
		0413062D2FBA467700133C99 /* SnapshotTesting in Frameworks */ = {isa = PBXBuildFile; productRef = 0413062C2FBA467700133C99 /* SnapshotTesting */; };
		0413062F2FBA470000133C99 /* FinanceParsers in Frameworks */ = {isa = PBXBuildFile; productRef = 0413062E2FBA470000133C99 /* FinanceParsers */; };
		041306312FBA470000133C99 /* FinanceParsers in Frameworks */ = {isa = PBXBuildFile; productRef = 041306302FBA470000133C99 /* FinanceParsers */; };
		0494F6482FC8300800800859 /* FinanceIntelligence in Frameworks */ = {isa = PBXBuildFile; productRef = 0494F6472FC8300800800859 /* FinanceIntelligence */; };
		049E34262FB3B303002A3820 /* FinanceCore in Frameworks */ = {isa = PBXBuildFile; productRef = 049E34252FB3B303002A3820 /* FinanceCore */; };
		049E34292FB3B303002A3820 /* FinanceUI in Frameworks */ = {isa = PBXBuildFile; productRef = 049E34282FB3B303002A3820 /* FinanceUI */; };
/* End PBXBuildFile section */

/* Begin PBXContainerItemProxy section */
		041305FE2FBA459600133C99 /* PBXContainerItemProxy */ = {
			isa = PBXContainerItemProxy;
			containerPortal = 049E34082FB3B1D2002A3820 /* Project object */;
			proxyType = 1;
			remoteGlobalIDString = 049E340F2FB3B1D2002A3820;
			remoteInfo = FinanceOSMac;
		};
/* End PBXContainerItemProxy section */

/* Begin PBXFileReference section */
		041305FA2FBA459600133C99 /* FinanceOSMacSnapshotTests.xctest */ = {isa = PBXFileReference; explicitFileType = wrapper.cfbundle; includeInIndex = 0; path = FinanceOSMacSnapshotTests.xctest; sourceTree = BUILT_PRODUCTS_DIR; };
		049E34102FB3B1D2002A3820 /* FinanceOSMac.app */ = {isa = PBXFileReference; explicitFileType = wrapper.application; includeInIndex = 0; path = FinanceOSMac.app; sourceTree = BUILT_PRODUCTS_DIR; };
/* End PBXFileReference section */

/* Begin PBXFileSystemSynchronizedRootGroup section */
		041305FB2FBA459600133C99 /* FinanceOSMacSnapshotTests */ = {
			isa = PBXFileSystemSynchronizedRootGroup;
			path = FinanceOSMacSnapshotTests;
			sourceTree = "<group>";
		};
		049E34122FB3B1D2002A3820 /* FinanceOSMac */ = {
			isa = PBXFileSystemSynchronizedRootGroup;
			path = FinanceOSMac;
			sourceTree = "<group>";
		};
/* End PBXFileSystemSynchronizedRootGroup section */

/* Begin PBXFrameworksBuildPhase section */
		041305F72FBA459600133C99 /* Frameworks */ = {
			isa = PBXFrameworksBuildPhase;
			buildActionMask = 2147483647;
			files = (
				041306282FBA461800133C99 /* FinanceTesting in Frameworks */,
				0413062D2FBA467700133C99 /* SnapshotTesting in Frameworks */,
				0413062A2FBA461800133C99 /* FinanceUI in Frameworks */,
				041306262FBA461800133C99 /* FinanceCore in Frameworks */,
				0413062F2FBA470000133C99 /* FinanceParsers in Frameworks */,
			);
			runOnlyForDeploymentPostprocessing = 0;
		};
		049E340D2FB3B1D2002A3820 /* Frameworks */ = {
			isa = PBXFrameworksBuildPhase;
			buildActionMask = 2147483647;
			files = (
				049E34262FB3B303002A3820 /* FinanceCore in Frameworks */,
				049E34292FB3B303002A3820 /* FinanceUI in Frameworks */,
				0494F6482FC8300800800859 /* FinanceIntelligence in Frameworks */,
				041306312FBA470000133C99 /* FinanceParsers in Frameworks */,
			);
			runOnlyForDeploymentPostprocessing = 0;
		};
/* End PBXFrameworksBuildPhase section */

/* Begin PBXGroup section */
		049E34072FB3B1D2002A3820 = {
			isa = PBXGroup;
			children = (
				049E34122FB3B1D2002A3820 /* FinanceOSMac */,
				041305FB2FBA459600133C99 /* FinanceOSMacSnapshotTests */,
				049E34242FB3B303002A3820 /* Frameworks */,
				049E34112FB3B1D2002A3820 /* Products */,
			);
			sourceTree = "<group>";
		};
		049E34112FB3B1D2002A3820 /* Products */ = {
			isa = PBXGroup;
			children = (
				049E34102FB3B1D2002A3820 /* FinanceOSMac.app */,
				041305FA2FBA459600133C99 /* FinanceOSMacSnapshotTests.xctest */,
			);
			name = Products;
			sourceTree = "<group>";
		};
		049E34242FB3B303002A3820 /* Frameworks */ = {
			isa = PBXGroup;
			children = (
			);
			name = Frameworks;
			sourceTree = "<group>";
		};
/* End PBXGroup section */

/* Begin PBXNativeTarget section */
		041305F92FBA459600133C99 /* FinanceOSMacSnapshotTests */ = {
			isa = PBXNativeTarget;
			buildConfigurationList = 041306022FBA459600133C99 /* Build configuration list for PBXNativeTarget "FinanceOSMacSnapshotTests" */;
			buildPhases = (
				041305F62FBA459600133C99 /* Sources */,
				041305F72FBA459600133C99 /* Frameworks */,
				041305F82FBA459600133C99 /* Resources */,
			);
			buildRules = (
			);
			dependencies = (
				041305FF2FBA459600133C99 /* PBXTargetDependency */,
			);
			fileSystemSynchronizedGroups = (
				041305FB2FBA459600133C99 /* FinanceOSMacSnapshotTests */,
			);
			name = FinanceOSMacSnapshotTests;
			packageProductDependencies = (
				041306252FBA461800133C99 /* FinanceCore */,
				041306272FBA461800133C99 /* FinanceTesting */,
				041306292FBA461800133C99 /* FinanceUI */,
				0413062C2FBA467700133C99 /* SnapshotTesting */,
				0413062E2FBA470000133C99 /* FinanceParsers */,
			);
			productName = FinanceOSMacSnapshotTests;
			productReference = 041305FA2FBA459600133C99 /* FinanceOSMacSnapshotTests.xctest */;
			productType = "com.apple.product-type.bundle.unit-test";
		};
		049E340F2FB3B1D2002A3820 /* FinanceOSMac */ = {
			isa = PBXNativeTarget;
			buildConfigurationList = 049E341B2FB3B1D3002A3820 /* Build configuration list for PBXNativeTarget "FinanceOSMac" */;
			buildPhases = (
				049E34282FB3B440002A3820 /* SwiftFormat */,
				049E34272FB3B3B4002A3820 /* SwiftLint */,
				049E340C2FB3B1D2002A3820 /* Sources */,
				049E340D2FB3B1D2002A3820 /* Frameworks */,
				049E340E2FB3B1D2002A3820 /* Resources */,
			);
			buildRules = (
			);
			dependencies = (
			);
			fileSystemSynchronizedGroups = (
				049E34122FB3B1D2002A3820 /* FinanceOSMac */,
			);
			name = FinanceOSMac;
			packageProductDependencies = (
				049E34252FB3B303002A3820 /* FinanceCore */,
				049E34282FB3B303002A3820 /* FinanceUI */,
				041306302FBA470000133C99 /* FinanceParsers */,
				0494F6472FC8300800800859 /* FinanceIntelligence */,
			);
			productName = FinanceOSMac;
			productReference = 049E34102FB3B1D2002A3820 /* FinanceOSMac.app */;
			productType = "com.apple.product-type.application";
		};
/* End PBXNativeTarget section */

/* Begin PBXProject section */
		049E34082FB3B1D2002A3820 /* Project object */ = {
			isa = PBXProject;
			attributes = {
				BuildIndependentTargetsInParallel = 1;
				LastSwiftUpdateCheck = 2640;
				LastUpgradeCheck = 2640;
				TargetAttributes = {
					041305F92FBA459600133C99 = {
						CreatedOnToolsVersion = 26.4.1;
						TestTargetID = 049E340F2FB3B1D2002A3820;
					};
					049E340F2FB3B1D2002A3820 = {
						CreatedOnToolsVersion = 26.4.1;
					};
				};
			};
			buildConfigurationList = 049E340B2FB3B1D2002A3820 /* Build configuration list for PBXProject "FinanceOSMac" */;
			developmentRegion = en;
			hasScannedForEncodings = 0;
			knownRegions = (
				en,
				Base,
			);
			mainGroup = 049E34072FB3B1D2002A3820;
			minimizedProjectReferenceProxies = 1;
			packageReferences = (
				99A00601FBA461800000001 /* XCLocalSwiftPackageReference "../../Packages/FinanceCore" */,
				99A00602FBA461800000002 /* XCLocalSwiftPackageReference "../../Packages/FinanceUI" */,
				99A00603FBA461800000003 /* XCLocalSwiftPackageReference "../../Packages/FinanceParsers" */,
				99A00604FBA461800000004 /* XCLocalSwiftPackageReference "../../Packages/FinanceTesting" */,
				0413062B2FBA467600133C99 /* XCRemoteSwiftPackageReference "swift-snapshot-testing" */,
				0494F6462FC8300800800859 /* XCLocalSwiftPackageReference "../../Packages/FinanceIntelligence" */,
			);
			preferredProjectObjectVersion = 77;
			productRefGroup = 049E34112FB3B1D2002A3820 /* Products */;
			projectDirPath = "";
			projectRoot = "";
			targets = (
				049E340F2FB3B1D2002A3820 /* FinanceOSMac */,
				041305F92FBA459600133C99 /* FinanceOSMacSnapshotTests */,
			);
		};
/* End PBXProject section */

/* Begin PBXResourcesBuildPhase section */
		041305F82FBA459600133C99 /* Resources */ = {
			isa = PBXResourcesBuildPhase;
			buildActionMask = 2147483647;
			files = (
			);
			runOnlyForDeploymentPostprocessing = 0;
		};
		049E340E2FB3B1D2002A3820 /* Resources */ = {
			isa = PBXResourcesBuildPhase;
			buildActionMask = 2147483647;
			files = (
			);
			runOnlyForDeploymentPostprocessing = 0;
		};
/* End PBXResourcesBuildPhase section */

/* Begin PBXShellScriptBuildPhase section */
		049E34272FB3B3B4002A3820 /* SwiftLint */ = {
			isa = PBXShellScriptBuildPhase;
			alwaysOutOfDate = 1;
			buildActionMask = 2147483647;
			files = (
			);
			inputFileListPaths = (
			);
			inputPaths = (
			);
			name = SwiftLint;
			outputFileListPaths = (
			);
			outputPaths = (
			);
			runOnlyForDeploymentPostprocessing = 0;
			shellPath = /bin/sh;
			shellScript = "export PATH=\"/opt/homebrew/bin:$PATH\"\n\nif command -v swiftlint >/dev/null; then\n    echo \"Running SwiftLint...\"\n    swiftlint\nelse\n    echo \"warning: SwiftLint not installed\"\nfi\n";
		};
		049E34282FB3B440002A3820 /* SwiftFormat */ = {
			isa = PBXShellScriptBuildPhase;
			alwaysOutOfDate = 1;
			buildActionMask = 2147483647;
			files = (
			);
			inputFileListPaths = (
			);
			inputPaths = (
			);
			name = SwiftFormat;
			outputFileListPaths = (
			);
			outputPaths = (
			);
			runOnlyForDeploymentPostprocessing = 0;
			shellPath = /bin/sh;
			shellScript = "export PATH=\"/opt/homebrew/bin:$PATH\"\n\nif command -v swiftformat >/dev/null; then\n    echo \"Running SwiftFormat...\"\n    swiftformat \"$PROJECT_DIR/../..\"\nelse\n    echo \"warning: SwiftFormat not installed\"\nfi\n";
		};
/* End PBXShellScriptBuildPhase section */

/* Begin PBXSourcesBuildPhase section */
		041305F62FBA459600133C99 /* Sources */ = {
			isa = PBXSourcesBuildPhase;
			buildActionMask = 2147483647;
			files = (
			);
			runOnlyForDeploymentPostprocessing = 0;
		};
		049E340C2FB3B1D2002A3820 /* Sources */ = {
			isa = PBXSourcesBuildPhase;
			buildActionMask = 2147483647;
			files = (
			);
			runOnlyForDeploymentPostprocessing = 0;
		};
/* End PBXSourcesBuildPhase section */

/* Begin PBXTargetDependency section */
		041305FF2FBA459600133C99 /* PBXTargetDependency */ = {
			isa = PBXTargetDependency;
			target = 049E340F2FB3B1D2002A3820 /* FinanceOSMac */;
			targetProxy = 041305FE2FBA459600133C99 /* PBXContainerItemProxy */;
		};
/* End PBXTargetDependency section */

/* Begin XCBuildConfiguration section */
		041306002FBA459600133C99 /* Debug */ = {
			isa = XCBuildConfiguration;
			buildSettings = {
				BUNDLE_LOADER = "$(TEST_HOST)";
				CODE_SIGN_STYLE = Automatic;
				CURRENT_PROJECT_VERSION = 1;
				GENERATE_INFOPLIST_FILE = YES;
				IPHONEOS_DEPLOYMENT_TARGET = 26.0;
				MACOSX_DEPLOYMENT_TARGET = 26.0;
				MARKETING_VERSION = 1.0;
				PRODUCT_BUNDLE_IDENTIFIER = com.pratik.FinanceOSMacSnapshotTests;
				PRODUCT_NAME = "$(TARGET_NAME)";
				SDKROOT = auto;
				STRING_CATALOG_GENERATE_SYMBOLS = NO;
				SUPPORTED_PLATFORMS = "iphoneos iphonesimulator macosx xros xrsimulator";
				SWIFT_APPROACHABLE_CONCURRENCY = YES;
				SWIFT_EMIT_LOC_STRINGS = NO;
				SWIFT_UPCOMING_FEATURE_MEMBER_IMPORT_VISIBILITY = YES;
				SWIFT_VERSION = 5.0;
				TARGETED_DEVICE_FAMILY = "1,2,7";
				TEST_HOST = "$(BUILT_PRODUCTS_DIR)/FinanceOSMac.app/$(BUNDLE_EXECUTABLE_FOLDER_PATH)/FinanceOSMac";
				XROS_DEPLOYMENT_TARGET = 26.0;
			};
			name = Debug;
		};
		041306012FBA459600133C99 /* Release */ = {
			isa = XCBuildConfiguration;
			buildSettings = {
				BUNDLE_LOADER = "$(TEST_HOST)";
				CODE_SIGN_STYLE = Automatic;
				CURRENT_PROJECT_VERSION = 1;
				GENERATE_INFOPLIST_FILE = YES;
				IPHONEOS_DEPLOYMENT_TARGET = 26.0;
				MACOSX_DEPLOYMENT_TARGET = 26.0;
				MARKETING_VERSION = 1.0;
				PRODUCT_BUNDLE_IDENTIFIER = com.pratik.FinanceOSMacSnapshotTests;
				PRODUCT_NAME = "$(TARGET_NAME)";
				SDKROOT = auto;
				STRING_CATALOG_GENERATE_SYMBOLS = NO;
				SUPPORTED_PLATFORMS = "iphoneos iphonesimulator macosx xros xrsimulator";
				SWIFT_APPROACHABLE_CONCURRENCY = YES;
				SWIFT_EMIT_LOC_STRINGS = NO;
				SWIFT_UPCOMING_FEATURE_MEMBER_IMPORT_VISIBILITY = YES;
				SWIFT_VERSION = 5.0;
				TARGETED_DEVICE_FAMILY = "1,2,7";
				TEST_HOST = "$(BUILT_PRODUCTS_DIR)/FinanceOSMac.app/$(BUNDLE_EXECUTABLE_FOLDER_PATH)/FinanceOSMac";
				XROS_DEPLOYMENT_TARGET = 26.0;
			};
			name = Release;
		};
		049E34192FB3B1D3002A3820 /* Debug */ = {
			isa = XCBuildConfiguration;
			buildSettings = {
				ALWAYS_SEARCH_USER_PATHS = NO;
				ASSETCATALOG_COMPILER_GENERATE_SWIFT_ASSET_SYMBOL_EXTENSIONS = YES;
				CLANG_ANALYZER_NONNULL = YES;
				CLANG_ANALYZER_NUMBER_OBJECT_CONVERSION = YES_AGGRESSIVE;
				CLANG_CXX_LANGUAGE_STANDARD = "gnu++20";
				CLANG_ENABLE_MODULES = YES;
				CLANG_ENABLE_OBJC_ARC = YES;
				CLANG_ENABLE_OBJC_WEAK = YES;
				CLANG_WARN_BLOCK_CAPTURE_AUTORELEASING = YES;
				CLANG_WARN_BOOL_CONVERSION = YES;
				CLANG_WARN_COMMA = YES;
				CLANG_WARN_CONSTANT_CONVERSION = YES;
				CLANG_WARN_DEPRECATED_OBJC_IMPLEMENTATIONS = YES;
				CLANG_WARN_DIRECT_OBJC_ISA_USAGE = YES_ERROR;
				CLANG_WARN_DOCUMENTATION_COMMENTS = YES;
				CLANG_WARN_EMPTY_BODY = YES;
				CLANG_WARN_ENUM_CONVERSION = YES;
				CLANG_WARN_INFINITE_RECURSION = YES;
				CLANG_WARN_INT_CONVERSION = YES;
				CLANG_WARN_NON_LITERAL_NULL_CONVERSION = YES;
				CLANG_WARN_OBJC_IMPLICIT_RETAIN_SELF = YES;
				CLANG_WARN_OBJC_LITERAL_CONVERSION = YES;
				CLANG_WARN_OBJC_ROOT_CLASS = YES_ERROR;
				CLANG_WARN_QUOTED_INCLUDE_IN_FRAMEWORK_HEADER = YES;
				CLANG_WARN_RANGE_LOOP_ANALYSIS = YES;
				CLANG_WARN_STRICT_PROTOTYPES = YES;
				CLANG_WARN_SUSPICIOUS_MOVE = YES;
				CLANG_WARN_UNGUARDED_AVAILABILITY = YES_AGGRESSIVE;
				CLANG_WARN_UNREACHABLE_CODE = YES;
				CLANG_WARN__DUPLICATE_METHOD_MATCH = YES;
				COPY_PHASE_STRIP = NO;
				DEBUG_INFORMATION_FORMAT = dwarf;
				ENABLE_STRICT_OBJC_MSGSEND = YES;
				ENABLE_TESTABILITY = YES;
				ENABLE_USER_SCRIPT_SANDBOXING = YES;
				GCC_C_LANGUAGE_STANDARD = gnu17;
				GCC_DYNAMIC_NO_PIC = NO;
				GCC_NO_COMMON_BLOCKS = YES;
				GCC_OPTIMIZATION_LEVEL = 0;
				GCC_PREPROCESSOR_DEFINITIONS = (
					"DEBUG=1",
					"$(inherited)",
				);
				GCC_WARN_64_TO_32_BIT_CONVERSION = YES;
				GCC_WARN_ABOUT_RETURN_TYPE = YES_ERROR;
				GCC_WARN_UNDECLARED_SELECTOR = YES;
				GCC_WARN_UNINITIALIZED_AUTOS = YES_AGGRESSIVE;
				GCC_WARN_UNUSED_FUNCTION = YES;
				GCC_WARN_UNUSED_VARIABLE = YES;
				LOCALIZATION_PREFERS_STRING_CATALOGS = YES;
				MACOSX_DEPLOYMENT_TARGET = 26.0;
				MTL_ENABLE_DEBUG_INFO = INCLUDE_SOURCE;
				MTL_FAST_MATH = YES;
				ONLY_ACTIVE_ARCH = YES;
				SDKROOT = macosx;
				SWIFT_ACTIVE_COMPILATION_CONDITIONS = "DEBUG $(inherited)";
				SWIFT_OPTIMIZATION_LEVEL = "-Onone";
			};
			name = Debug;
		};
		049E341A2FB3B1D3002A3820 /* Release */ = {
			isa = XCBuildConfiguration;
			buildSettings = {
				ALWAYS_SEARCH_USER_PATHS = NO;
				ASSETCATALOG_COMPILER_GENERATE_SWIFT_ASSET_SYMBOL_EXTENSIONS = YES;
				CLANG_ANALYZER_NONNULL = YES;
				CLANG_ANALYZER_NUMBER_OBJECT_CONVERSION = YES_AGGRESSIVE;
				CLANG_CXX_LANGUAGE_STANDARD = "gnu++20";
				CLANG_ENABLE_MODULES = YES;
				CLANG_ENABLE_OBJC_ARC = YES;
				CLANG_ENABLE_OBJC_WEAK = YES;
				CLANG_WARN_BLOCK_CAPTURE_AUTORELEASING = YES;
				CLANG_WARN_BOOL_CONVERSION = YES;
				CLANG_WARN_COMMA = YES;
				CLANG_WARN_CONSTANT_CONVERSION = YES;
				CLANG_WARN_DEPRECATED_OBJC_IMPLEMENTATIONS = YES;
				CLANG_WARN_DIRECT_OBJC_ISA_USAGE = YES_ERROR;
				CLANG_WARN_DOCUMENTATION_COMMENTS = YES;
				CLANG_WARN_EMPTY_BODY = YES;
				CLANG_WARN_ENUM_CONVERSION = YES;
				CLANG_WARN_INFINITE_RECURSION = YES;
				CLANG_WARN_INT_CONVERSION = YES;
				CLANG_WARN_NON_LITERAL_NULL_CONVERSION = YES;
				CLANG_WARN_OBJC_IMPLICIT_RETAIN_SELF = YES;
				CLANG_WARN_OBJC_LITERAL_CONVERSION = YES;
				CLANG_WARN_OBJC_ROOT_CLASS = YES_ERROR;
				CLANG_WARN_QUOTED_INCLUDE_IN_FRAMEWORK_HEADER = YES;
				CLANG_WARN_RANGE_LOOP_ANALYSIS = YES;
				CLANG_WARN_STRICT_PROTOTYPES = YES;
				CLANG_WARN_SUSPICIOUS_MOVE = YES;
				CLANG_WARN_UNGUARDED_AVAILABILITY = YES_AGGRESSIVE;
				CLANG_WARN_UNREACHABLE_CODE = YES;
				CLANG_WARN__DUPLICATE_METHOD_MATCH = YES;
				COPY_PHASE_STRIP = NO;
				DEBUG_INFORMATION_FORMAT = "dwarf-with-dsym";
				ENABLE_NS_ASSERTIONS = NO;
				ENABLE_STRICT_OBJC_MSGSEND = YES;
				ENABLE_USER_SCRIPT_SANDBOXING = YES;
				GCC_C_LANGUAGE_STANDARD = gnu17;
				GCC_NO_COMMON_BLOCKS = YES;
				GCC_WARN_64_TO_32_BIT_CONVERSION = YES;
				GCC_WARN_ABOUT_RETURN_TYPE = YES_ERROR;
				GCC_WARN_UNDECLARED_SELECTOR = YES;
				GCC_WARN_UNINITIALIZED_AUTOS = YES_AGGRESSIVE;
				GCC_WARN_UNUSED_FUNCTION = YES;
				GCC_WARN_UNUSED_VARIABLE = YES;
				LOCALIZATION_PREFERS_STRING_CATALOGS = YES;
				MACOSX_DEPLOYMENT_TARGET = 26.0;
				MTL_ENABLE_DEBUG_INFO = NO;
				MTL_FAST_MATH = YES;
				SDKROOT = macosx;
				SWIFT_COMPILATION_MODE = wholemodule;
			};
			name = Release;
		};
		049E341C2FB3B1D3002A3820 /* Debug */ = {
			isa = XCBuildConfiguration;
			buildSettings = {
				ASSETCATALOG_COMPILER_APPICON_NAME = AppIcon;
				ASSETCATALOG_COMPILER_GLOBAL_ACCENT_COLOR_NAME = AccentColor;
				"CODE_SIGN_IDENTITY[sdk=macosx*]" = "-";
				CODE_SIGN_STYLE = Automatic;
				COMBINE_HIDPI_IMAGES = YES;
				CURRENT_PROJECT_VERSION = 1;
				ENABLE_APP_SANDBOX = NO;
				ENABLE_INCOMING_NETWORK_CONNECTIONS = YES;
				ENABLE_OUTGOING_NETWORK_CONNECTIONS = YES;
				ENABLE_PREVIEWS = YES;
				ENABLE_RESOURCE_ACCESS_AUDIO_INPUT = NO;
				ENABLE_RESOURCE_ACCESS_BLUETOOTH = NO;
				ENABLE_RESOURCE_ACCESS_CALENDARS = YES;
				ENABLE_RESOURCE_ACCESS_CAMERA = NO;
				ENABLE_RESOURCE_ACCESS_CONTACTS = YES;
				ENABLE_RESOURCE_ACCESS_LOCATION = YES;
				ENABLE_RESOURCE_ACCESS_PRINTING = NO;
				ENABLE_RESOURCE_ACCESS_USB = NO;
				ENABLE_USER_SCRIPT_SANDBOXING = NO;
				ENABLE_USER_SELECTED_FILES = readonly;
				GENERATE_INFOPLIST_FILE = YES;
				INFOPLIST_KEY_LSApplicationCategoryType = "public.app-category.finance";
				INFOPLIST_KEY_NSHumanReadableCopyright = "";
				LD_RUNPATH_SEARCH_PATHS = (
					"$(inherited)",
					"@executable_path/../Frameworks",
				);
				MACOSX_DEPLOYMENT_TARGET = 26.0;
				MARKETING_VERSION = 1.0;
				PRODUCT_BUNDLE_IDENTIFIER = com.pratik.FinanceOSMac;
				PRODUCT_NAME = "$(TARGET_NAME)";
				REGISTER_APP_GROUPS = YES;
				STRING_CATALOG_GENERATE_SYMBOLS = YES;
				SWIFT_APPROACHABLE_CONCURRENCY = YES;
				SWIFT_DEFAULT_ACTOR_ISOLATION = MainActor;
				SWIFT_EMIT_LOC_STRINGS = YES;
				SWIFT_TREAT_WARNINGS_AS_ERRORS = YES;
				SWIFT_UPCOMING_FEATURE_MEMBER_IMPORT_VISIBILITY = YES;
				SWIFT_VERSION = 5.0;
			};
			name = Debug;
		};
		049E341D2FB3B1D3002A3820 /* Release */ = {
			isa = XCBuildConfiguration;
			buildSettings = {
				ASSETCATALOG_COMPILER_APPICON_NAME = AppIcon;
				ASSETCATALOG_COMPILER_GLOBAL_ACCENT_COLOR_NAME = AccentColor;
				"CODE_SIGN_IDENTITY[sdk=macosx*]" = "-";
				CODE_SIGN_STYLE = Automatic;
				COMBINE_HIDPI_IMAGES = YES;
				CURRENT_PROJECT_VERSION = 1;
				ENABLE_APP_SANDBOX = YES;
				ENABLE_INCOMING_NETWORK_CONNECTIONS = YES;
				ENABLE_OUTGOING_NETWORK_CONNECTIONS = YES;
				ENABLE_PREVIEWS = YES;
				ENABLE_RESOURCE_ACCESS_AUDIO_INPUT = NO;
				ENABLE_RESOURCE_ACCESS_BLUETOOTH = NO;
				ENABLE_RESOURCE_ACCESS_CALENDARS = YES;
				ENABLE_RESOURCE_ACCESS_CAMERA = NO;
				ENABLE_RESOURCE_ACCESS_CONTACTS = YES;
				ENABLE_RESOURCE_ACCESS_LOCATION = YES;
				ENABLE_RESOURCE_ACCESS_PRINTING = NO;
				ENABLE_RESOURCE_ACCESS_USB = NO;
				ENABLE_USER_SCRIPT_SANDBOXING = NO;
				ENABLE_USER_SELECTED_FILES = readonly;
				GENERATE_INFOPLIST_FILE = YES;
				INFOPLIST_KEY_LSApplicationCategoryType = "public.app-category.finance";
				INFOPLIST_KEY_NSHumanReadableCopyright = "";
				LD_RUNPATH_SEARCH_PATHS = (
					"$(inherited)",
					"@executable_path/../Frameworks",
				);
				MACOSX_DEPLOYMENT_TARGET = 26.0;
				MARKETING_VERSION = 1.0;
				PRODUCT_BUNDLE_IDENTIFIER = com.pratik.FinanceOSMac;
				PRODUCT_NAME = "$(TARGET_NAME)";
				REGISTER_APP_GROUPS = YES;
				STRING_CATALOG_GENERATE_SYMBOLS = YES;
				SWIFT_APPROACHABLE_CONCURRENCY = YES;
				SWIFT_DEFAULT_ACTOR_ISOLATION = MainActor;
				SWIFT_EMIT_LOC_STRINGS = YES;
				SWIFT_TREAT_WARNINGS_AS_ERRORS = YES;
				SWIFT_UPCOMING_FEATURE_MEMBER_IMPORT_VISIBILITY = YES;
				SWIFT_VERSION = 5.0;
			};
			name = Release;
		};
/* End XCBuildConfiguration section */

/* Begin XCConfigurationList section */
		041306022FBA459600133C99 /* Build configuration list for PBXNativeTarget "FinanceOSMacSnapshotTests" */ = {
			isa = XCConfigurationList;
			buildConfigurations = (
				041306002FBA459600133C99 /* Debug */,
				041306012FBA459600133C99 /* Release */,
			);
			defaultConfigurationIsVisible = 0;
			defaultConfigurationName = Release;
		};
		049E340B2FB3B1D2002A3820 /* Build configuration list for PBXProject "FinanceOSMac" */ = {
			isa = XCConfigurationList;
			buildConfigurations = (
				049E34192FB3B1D3002A3820 /* Debug */,
				049E341A2FB3B1D3002A3820 /* Release */,
			);
			defaultConfigurationIsVisible = 0;
			defaultConfigurationName = Release;
		};
		049E341B2FB3B1D3002A3820 /* Build configuration list for PBXNativeTarget "FinanceOSMac" */ = {
			isa = XCConfigurationList;
			buildConfigurations = (
				049E341C2FB3B1D3002A3820 /* Debug */,
				049E341D2FB3B1D3002A3820 /* Release */,
			);
			defaultConfigurationIsVisible = 0;
			defaultConfigurationName = Release;
		};
/* End XCConfigurationList section */

/* Begin XCLocalSwiftPackageReference section */
		0494F6462FC8300800800859 /* XCLocalSwiftPackageReference "../../Packages/FinanceIntelligence" */ = {
			isa = XCLocalSwiftPackageReference;
			relativePath = ../../Packages/FinanceIntelligence;
		};
		99A00601FBA461800000001 /* XCLocalSwiftPackageReference "../../Packages/FinanceCore" */ = {
			isa = XCLocalSwiftPackageReference;
			relativePath = ../../Packages/FinanceCore;
		};
		99A00602FBA461800000002 /* XCLocalSwiftPackageReference "../../Packages/FinanceUI" */ = {
			isa = XCLocalSwiftPackageReference;
			relativePath = ../../Packages/FinanceUI;
		};
		99A00603FBA461800000003 /* XCLocalSwiftPackageReference "../../Packages/FinanceParsers" */ = {
			isa = XCLocalSwiftPackageReference;
			relativePath = ../../Packages/FinanceParsers;
		};
		99A00604FBA461800000004 /* XCLocalSwiftPackageReference "../../Packages/FinanceTesting" */ = {
			isa = XCLocalSwiftPackageReference;
			relativePath = ../../Packages/FinanceTesting;
		};
/* End XCLocalSwiftPackageReference section */

/* Begin XCRemoteSwiftPackageReference section */
		0413062B2FBA467600133C99 /* XCRemoteSwiftPackageReference "swift-snapshot-testing" */ = {
			isa = XCRemoteSwiftPackageReference;
			repositoryURL = "https://github.com/pointfreeco/swift-snapshot-testing.git";
			requirement = {
				kind = upToNextMajorVersion;
				minimumVersion = 1.19.2;
			};
		};
/* End XCRemoteSwiftPackageReference section */

/* Begin XCSwiftPackageProductDependency section */
		041306252FBA461800133C99 /* FinanceCore */ = {
			isa = XCSwiftPackageProductDependency;
			package = 99A00601FBA461800000001 /* XCLocalSwiftPackageReference "../../Packages/FinanceCore" */;
			productName = FinanceCore;
		};
		041306272FBA461800133C99 /* FinanceTesting */ = {
			isa = XCSwiftPackageProductDependency;
			package = 99A00604FBA461800000004 /* XCLocalSwiftPackageReference "../../Packages/FinanceTesting" */;
			productName = FinanceTesting;
		};
		041306292FBA461800133C99 /* FinanceUI */ = {
			isa = XCSwiftPackageProductDependency;
			package = 99A00602FBA461800000002 /* XCLocalSwiftPackageReference "../../Packages/FinanceUI" */;
			productName = FinanceUI;
		};
		0413062C2FBA467700133C99 /* SnapshotTesting */ = {
			isa = XCSwiftPackageProductDependency;
			package = 0413062B2FBA467600133C99 /* XCRemoteSwiftPackageReference "swift-snapshot-testing" */;
			productName = SnapshotTesting;
		};
		0413062E2FBA470000133C99 /* FinanceParsers */ = {
			isa = XCSwiftPackageProductDependency;
			package = 99A00603FBA461800000003 /* XCLocalSwiftPackageReference "../../Packages/FinanceParsers" */;
			productName = FinanceParsers;
		};
		041306302FBA470000133C99 /* FinanceParsers */ = {
			isa = XCSwiftPackageProductDependency;
			package = 99A00603FBA461800000003 /* XCLocalSwiftPackageReference "../../Packages/FinanceParsers" */;
			productName = FinanceParsers;
		};
		0494F6472FC8300800800859 /* FinanceIntelligence */ = {
			isa = XCSwiftPackageProductDependency;
			productName = FinanceIntelligence;
		};
		049E34252FB3B303002A3820 /* FinanceCore */ = {
			isa = XCSwiftPackageProductDependency;
			package = 99A00601FBA461800000001 /* XCLocalSwiftPackageReference "../../Packages/FinanceCore" */;
			productName = FinanceCore;
		};
		049E34282FB3B303002A3820 /* FinanceUI */ = {
			isa = XCSwiftPackageProductDependency;
			package = 99A00602FBA461800000002 /* XCLocalSwiftPackageReference "../../Packages/FinanceUI" */;
			productName = FinanceUI;
		};
/* End XCSwiftPackageProductDependency section */
	};
	rootObject = 049E34082FB3B1D2002A3820 /* Project object */;
}
